
Microsoft Visual Studio Solution File, Format Version 12.00
# Visual Studio 15
VisualStudioVersion = 15.0.27004.2008
MinimumVisualStudioVersion = 10.0.40219.1
Project("{9A19103F-16F7-4668-BE54-9A1E7A4F7556}") = "SnelStart.B2B.V2.Client", "SnelStart.B2B.V2.Client\SnelStart.B2B.V2.Client.csproj", "{89658482-4CFD-4CA1-932F-290F3482742C}"
EndProject
Project("{9A19103F-16F7-4668-BE54-9A1E7A4F7556}") = "SnelStart.B2B.V2.Client.IntegrationTest", "SnelStart.B2B.V2.Client.IntegrationTest\SnelStart.B2B.V2.Client.IntegrationTest.csproj", "{8C554EAD-184B-4F16-983E-9D0B5210E419}"
EndProject
Global
	GlobalSection(SolutionConfigurationPlatforms) = preSolution
		Debug|Any CPU = Debug|Any CPU
		Release|Any CPU = Release|Any CPU
	EndGlobalSection
	GlobalSection(ProjectConfigurationPlatforms) = postSolution
		{89658482-4CFD-4CA1-932F-290F3482742C}.Debug|Any CPU.ActiveCfg = Debug|Any CPU
		{89658482-4CFD-4CA1-932F-290F3482742C}.Debug|Any CPU.Build.0 = Debug|Any CPU
		{89658482-4CFD-4CA1-932F-290F3482742C}.Release|Any CPU.ActiveCfg = Release|Any CPU
		{89658482-4CFD-4CA1-932F-290F3482742C}.Release|Any CPU.Build.0 = Release|Any CPU
		{8C554EAD-184B-4F16-983E-9D0B5210E419}.Debug|Any CPU.ActiveCfg = Debug|Any CPU
		{8C554EAD-184B-4F16-983E-9D0B5210E419}.Debug|Any CPU.Build.0 = Debug|Any CPU
		{8C554EAD-184B-4F16-983E-9D0B5210E419}.Release|Any CPU.ActiveCfg = Release|Any CPU
		{8C554EAD-184B-4F16-983E-9D0B5210E419}.Release|Any CPU.Build.0 = Release|Any CPU
	EndGlobalSection
	GlobalSection(SolutionProperties) = preSolution
		HideSolutionNode = FALSE
	EndGlobalSection
	GlobalSection(ExtensibilityGlobals) = postSolution
		SolutionGuid = {46936FA4-C950-465D-B892-39FA5C48B952}
	EndGlobalSection
EndGlobal
